
Microsoft Visual Studio Solution File, Format Version 12.00
# Visual Studio Version 17
VisualStudioVersion = 17.9.34728.123
MinimumVisualStudioVersion = 10.0.40219.1
Project("{9A19103F-16F7-4668-BE54-9A1E7A4F7556}") = "SuperEncode.Wpf", "SuperEncode.Wpf\SuperEncode.Wpf.csproj", "{489E7EB3-886B-44B2-8406-A83B102BC035}"
EndProject
Global
	GlobalSection(SolutionConfigurationPlatforms) = preSolution
		Debug|Any CPU = Debug|Any CPU
		Debug|ARM64 = Debug|ARM64
		Debug|x64 = Debug|x64
		Debug|x86 = Debug|x86
		Release|Any CPU = Release|Any CPU
		Release|ARM64 = Release|ARM64
		Release|x64 = Release|x64
		Release|x86 = Release|x86
	EndGlobalSection
	GlobalSection(ProjectConfigurationPlatforms) = postSolution
		{489E7EB3-886B-44B2-8406-A83B102BC035}.Debug|Any CPU.ActiveCfg = Debug|Any CPU
		{489E7EB3-886B-44B2-8406-A83B102BC035}.Debug|Any CPU.Build.0 = Debug|Any CPU
		{489E7EB3-886B-44B2-8406-A83B102BC035}.Debug|ARM64.ActiveCfg = Debug|Any CPU
		{489E7EB3-886B-44B2-8406-A83B102BC035}.Debug|ARM64.Build.0 = Debug|Any CPU
		{489E7EB3-886B-44B2-8406-A83B102BC035}.Debug|x64.ActiveCfg = Debug|Any CPU
		{489E7EB3-886B-44B2-8406-A83B102BC035}.Debug|x64.Build.0 = Debug|Any CPU
		{489E7EB3-886B-44B2-8406-A83B102BC035}.Debug|x86.ActiveCfg = Debug|Any CPU
		{489E7EB3-886B-44B2-8406-A83B102BC035}.Debug|x86.Build.0 = Debug|Any CPU
		{489E7EB3-886B-44B2-8406-A83B102BC035}.Release|Any CPU.ActiveCfg = Release|Any CPU
		{489E7EB3-886B-44B2-8406-A83B102BC035}.Release|Any CPU.Build.0 = Release|Any CPU
		{489E7EB3-886B-44B2-8406-A83B102BC035}.Release|ARM64.ActiveCfg = Release|Any CPU
		{489E7EB3-886B-44B2-8406-A83B102BC035}.Release|ARM64.Build.0 = Release|Any CPU
		{489E7EB3-886B-44B2-8406-A83B102BC035}.Release|x64.ActiveCfg = Release|Any CPU
		{489E7EB3-886B-44B2-8406-A83B102BC035}.Release|x64.Build.0 = Release|Any CPU
		{489E7EB3-886B-44B2-8406-A83B102BC035}.Release|x86.ActiveCfg = Release|Any CPU
		{489E7EB3-886B-44B2-8406-A83B102BC035}.Release|x86.Build.0 = Release|Any CPU
	EndGlobalSection
	GlobalSection(SolutionProperties) = preSolution
		HideSolutionNode = FALSE
	EndGlobalSection
	GlobalSection(ExtensibilityGlobals) = postSolution
		SolutionGuid = {8915DD47-BE8B-4EAC-BD7B-E2D869C5BC06}
	EndGlobalSection
EndGlobal
